
Microsoft Visual Studio Solution File, Format Version 12.00
Project("{FAE04EC0-301F-11D3-BF4B-00C04F79EFBC}") = "Message.Api", "Message.Api\Message.Api.csproj", "{01A3173E-0D27-4E0F-8DD1-0D63AE0DA472}"
EndProject
Global
	GlobalSection(SolutionConfigurationPlatforms) = preSolution
		Debug|Any CPU = Debug|Any CPU
		Release|Any CPU = Release|Any CPU
	EndGlobalSection
	GlobalSection(ProjectConfigurationPlatforms) = postSolution
		{01A3173E-0D27-4E0F-8DD1-0D63AE0DA472}.Debug|Any CPU.ActiveCfg = Debug|Any CPU
		{01A3173E-0D27-4E0F-8DD1-0D63AE0DA472}.Debug|Any CPU.Build.0 = Debug|Any CPU
		{01A3173E-0D27-4E0F-8DD1-0D63AE0DA472}.Release|Any CPU.ActiveCfg = Release|Any CPU
		{01A3173E-0D27-4E0F-8DD1-0D63AE0DA472}.Release|Any CPU.Build.0 = Release|Any CPU
	EndGlobalSection
EndGlobal
